
Microsoft Visual Studio Solution File, Format Version 12.00
# Visual Studio Version 17
VisualStudioVersion = 17.8.34511.84
MinimumVisualStudioVersion = 10.0.40219.1
Project("{FAE04EC0-301F-11D3-BF4B-00C04F79EFBC}") = "Customers", "Customers\Customers.csproj", "{F7AC999D-3D68-4453-8A9D-B1FFC53EB632}"
EndProject
Global
	GlobalSection(SolutionConfigurationPlatforms) = preSolution
		Debug|Any CPU = Debug|Any CPU
		Release|Any CPU = Release|Any CPU
	EndGlobalSection
	GlobalSection(ProjectConfigurationPlatforms) = postSolution
		{F7AC999D-3D68-4453-8A9D-B1FFC53EB632}.Debug|Any CPU.ActiveCfg = Debug|Any CPU
		{F7AC999D-3D68-4453-8A9D-B1FFC53EB632}.Debug|Any CPU.Build.0 = Debug|Any CPU
		{F7AC999D-3D68-4453-8A9D-B1FFC53EB632}.Release|Any CPU.ActiveCfg = Release|Any CPU
		{F7AC999D-3D68-4453-8A9D-B1FFC53EB632}.Release|Any CPU.Build.0 = Release|Any CPU
	EndGlobalSection
	GlobalSection(SolutionProperties) = preSolution
		HideSolutionNode = FALSE
	EndGlobalSection
	GlobalSection(ExtensibilityGlobals) = postSolution
		SolutionGuid = {55B975FF-8095-4EFD-9890-07DB6E1D5375}
	EndGlobalSection
EndGlobal
